
Microsoft Visual Studio Solution File, Format Version 12.00
# Visual Studio Version 17
VisualStudioVersion = 17.3.32825.248
MinimumVisualStudioVersion = 10.0.40219.1
Project("{FAE04EC0-301F-11D3-BF4B-00C04F79EFBC}") = "TelegramBot", "TelegramBot\TelegramBot.csproj", "{31FB88DB-F69B-431E-BF96-512BD338AD51}"
EndProject
Global
	GlobalSection(SolutionConfigurationPlatforms) = preSolution
		Debug|Any CPU = Debug|Any CPU
		Release|Any CPU = Release|Any CPU
	EndGlobalSection
	GlobalSection(ProjectConfigurationPlatforms) = postSolution
		{31FB88DB-F69B-431E-BF96-512BD338AD51}.Debug|Any CPU.ActiveCfg = Debug|Any CPU
		{31FB88DB-F69B-431E-BF96-512BD338AD51}.Debug|Any CPU.Build.0 = Debug|Any CPU
		{31FB88DB-F69B-431E-BF96-512BD338AD51}.Release|Any CPU.ActiveCfg = Release|Any CPU
		{31FB88DB-F69B-431E-BF96-512BD338AD51}.Release|Any CPU.Build.0 = Release|Any CPU
	EndGlobalSection
	GlobalSection(SolutionProperties) = preSolution
		HideSolutionNode = FALSE
	EndGlobalSection
	GlobalSection(ExtensibilityGlobals) = postSolution
		SolutionGuid = {8D32E634-9411-4608-AE71-19D41A1C0028}
	EndGlobalSection
EndGlobal
